// !$*UTF8*$!
{
	archiveVersion = 1;
	classes = {
	};
	objectVersion = 46;
	objects = {

/* Begin PBXBuildFile section */
		993357531DB86FB300F29C31 /* Realm.framework in Frameworks */ = {isa = PBXBuildFile; fileRef = 993357511DB86FB300F29C31 /* Realm.framework */; };
		993357541DB86FB300F29C31 /* RealmSwift.framework in Frameworks */ = {isa = PBXBuildFile; fileRef = 993357521DB86FB300F29C31 /* RealmSwift.framework */; };
		993F77451DB4C75600C6EA97 /* .swiftlint.yml in Resources */ = {isa = PBXBuildFile; fileRef = 993F77441DB4C75600C6EA97 /* .swiftlint.yml */; };
		99648E051DB8B17E00B0FD45 /* UserNameModel.swift in Sources */ = {isa = PBXBuildFile; fileRef = 99648E041DB8B17E00B0FD45 /* UserNameModel.swift */; };
		999FFBA91DB0803A00CE64E3 /* NameTableViewController.swift in Sources */ = {isa = PBXBuildFile; fileRef = 999FFBA81DB0803A00CE64E3 /* NameTableViewController.swift */; };
		999FFBAB1DB0831700CE64E3 /* RegistrationTableViewController.swift in Sources */ = {isa = PBXBuildFile; fileRef = 999FFBAA1DB0831700CE64E3 /* RegistrationTableViewController.swift */; };
		999FFBAD1DB0839700CE64E3 /* HomeTableViewController.swift in Sources */ = {isa = PBXBuildFile; fileRef = 999FFBAC1DB0839700CE64E3 /* HomeTableViewController.swift */; };
		999FFBAF1DB085E400CE64E3 /* RegistrationNameTableViewCell.swift in Sources */ = {isa = PBXBuildFile; fileRef = 999FFBAE1DB085E400CE64E3 /* RegistrationNameTableViewCell.swift */; };
		999FFBB11DB09C4000CE64E3 /* NameTableViewCell.swift in Sources */ = {isa = PBXBuildFile; fileRef = 999FFBB01DB09C4000CE64E3 /* NameTableViewCell.swift */; };
		99E508FC1DB071EC008C0ADD /* AppDelegate.swift in Sources */ = {isa = PBXBuildFile; fileRef = 99E508FB1DB071EC008C0ADD /* AppDelegate.swift */; };
		99E508FE1DB071EC008C0ADD /* ViewController.swift in Sources */ = {isa = PBXBuildFile; fileRef = 99E508FD1DB071EC008C0ADD /* ViewController.swift */; };
		99E509011DB071EC008C0ADD /* Main.storyboard in Resources */ = {isa = PBXBuildFile; fileRef = 99E508FF1DB071EC008C0ADD /* Main.storyboard */; };
		99E509031DB071EC008C0ADD /* Assets.xcassets in Resources */ = {isa = PBXBuildFile; fileRef = 99E509021DB071EC008C0ADD /* Assets.xcassets */; };
		99E509061DB071EC008C0ADD /* LaunchScreen.storyboard in Resources */ = {isa = PBXBuildFile; fileRef = 99E509041DB071EC008C0ADD /* LaunchScreen.storyboard */; };
		E922FA3C7C71BE152B05E859 /* Pods_Demo.framework in Frameworks */ = {isa = PBXBuildFile; fileRef = AA35A74847DBC1C6FCE6BE2B /* Pods_Demo.framework */; };
/* End PBXBuildFile section */

/* Begin PBXFileReference section */
		8889DAC0BE818DA35FED4F0D /* Pods-Demo.release.xcconfig */ = {isa = PBXFileReference; includeInIndex = 1; lastKnownFileType = text.xcconfig; name = "Pods-Demo.release.xcconfig"; path = "Pods/Target Support Files/Pods-Demo/Pods-Demo.release.xcconfig"; sourceTree = "<group>"; };
		993357511DB86FB300F29C31 /* Realm.framework */ = {isa = PBXFileReference; lastKnownFileType = wrapper.framework; name = Realm.framework; path = "../../../../Library/Developer/Xcode/DerivedData/Demo-edwkkndtuetxipacezwnchwieojh/Build/Products/Debug-iphoneos/Realm/Realm.framework"; sourceTree = "<group>"; };
		993357521DB86FB300F29C31 /* RealmSwift.framework */ = {isa = PBXFileReference; lastKnownFileType = wrapper.framework; name = RealmSwift.framework; path = "../../../../Library/Developer/Xcode/DerivedData/Demo-edwkkndtuetxipacezwnchwieojh/Build/Products/Debug-iphoneos/RealmSwift/RealmSwift.framework"; sourceTree = "<group>"; };
		993F77441DB4C75600C6EA97 /* .swiftlint.yml */ = {isa = PBXFileReference; fileEncoding = 4; lastKnownFileType = text; path = .swiftlint.yml; sourceTree = "<group>"; };
		99648E041DB8B17E00B0FD45 /* UserNameModel.swift */ = {isa = PBXFileReference; fileEncoding = 4; lastKnownFileType = sourcecode.swift; path = UserNameModel.swift; sourceTree = "<group>"; };
		999FFBA81DB0803A00CE64E3 /* NameTableViewController.swift */ = {isa = PBXFileReference; fileEncoding = 4; lastKnownFileType = sourcecode.swift; path = NameTableViewController.swift; sourceTree = "<group>"; };
		999FFBAA1DB0831700CE64E3 /* RegistrationTableViewController.swift */ = {isa = PBXFileReference; fileEncoding = 4; lastKnownFileType = sourcecode.swift; path = RegistrationTableViewController.swift; sourceTree = "<group>"; };
		999FFBAC1DB0839700CE64E3 /* HomeTableViewController.swift */ = {isa = PBXFileReference; fileEncoding = 4; lastKnownFileType = sourcecode.swift; path = HomeTableViewController.swift; sourceTree = "<group>"; };
		999FFBAE1DB085E400CE64E3 /* RegistrationNameTableViewCell.swift */ = {isa = PBXFileReference; fileEncoding = 4; lastKnownFileType = sourcecode.swift; path = RegistrationNameTableViewCell.swift; sourceTree = "<group>"; };
		999FFBB01DB09C4000CE64E3 /* NameTableViewCell.swift */ = {isa = PBXFileReference; fileEncoding = 4; lastKnownFileType = sourcecode.swift; path = NameTableViewCell.swift; sourceTree = "<group>"; };
		99E508F81DB071EC008C0ADD /* Demo.app */ = {isa = PBXFileReference; explicitFileType = wrapper.application; includeInIndex = 0; path = Demo.app; sourceTree = BUILT_PRODUCTS_DIR; };
		99E508FB1DB071EC008C0ADD /* AppDelegate.swift */ = {isa = PBXFileReference; lastKnownFileType = sourcecode.swift; path = AppDelegate.swift; sourceTree = "<group>"; };
		99E508FD1DB071EC008C0ADD /* ViewController.swift */ = {isa = PBXFileReference; lastKnownFileType = sourcecode.swift; path = ViewController.swift; sourceTree = "<group>"; };
		99E509001DB071EC008C0ADD /* Base */ = {isa = PBXFileReference; lastKnownFileType = file.storyboard; name = Base; path = Base.lproj/Main.storyboard; sourceTree = "<group>"; };
		99E509021DB071EC008C0ADD /* Assets.xcassets */ = {isa = PBXFileReference; lastKnownFileType = folder.assetcatalog; path = Assets.xcassets; sourceTree = "<group>"; };
		99E509051DB071EC008C0ADD /* Base */ = {isa = PBXFileReference; lastKnownFileType = file.storyboard; name = Base; path = Base.lproj/LaunchScreen.storyboard; sourceTree = "<group>"; };
		99E509071DB071EC008C0ADD /* Info.plist */ = {isa = PBXFileReference; lastKnownFileType = text.plist.xml; path = Info.plist; sourceTree = "<group>"; };
		AA35A74847DBC1C6FCE6BE2B /* Pods_Demo.framework */ = {isa = PBXFileReference; explicitFileType = wrapper.framework; includeInIndex = 0; path = Pods_Demo.framework; sourceTree = BUILT_PRODUCTS_DIR; };
		D16A3451A05F3B095577F957 /* Pods-Demo.debug.xcconfig */ = {isa = PBXFileReference; includeInIndex = 1; lastKnownFileType = text.xcconfig; name = "Pods-Demo.debug.xcconfig"; path = "Pods/Target Support Files/Pods-Demo/Pods-Demo.debug.xcconfig"; sourceTree = "<group>"; };
/* End PBXFileReference section */

/* Begin PBXFrameworksBuildPhase section */
		99E508F51DB071EC008C0ADD /* Frameworks */ = {
			isa = PBXFrameworksBuildPhase;
			buildActionMask = 2147483647;
			files = (
				993357531DB86FB300F29C31 /* Realm.framework in Frameworks */,
				993357541DB86FB300F29C31 /* RealmSwift.framework in Frameworks */,
				E922FA3C7C71BE152B05E859 /* Pods_Demo.framework in Frameworks */,
			);
			runOnlyForDeploymentPostprocessing = 0;
		};
/* End PBXFrameworksBuildPhase section */

/* Begin PBXGroup section */
		0F118214463AA2E2691ADA66 /* Pods */ = {
			isa = PBXGroup;
			children = (
				D16A3451A05F3B095577F957 /* Pods-Demo.debug.xcconfig */,
				8889DAC0BE818DA35FED4F0D /* Pods-Demo.release.xcconfig */,
			);
			name = Pods;
			sourceTree = "<group>";
		};
		2FC419D2EF846C1137C2E89F /* Frameworks */ = {
			isa = PBXGroup;
			children = (
				993357511DB86FB300F29C31 /* Realm.framework */,
				993357521DB86FB300F29C31 /* RealmSwift.framework */,
				AA35A74847DBC1C6FCE6BE2B /* Pods_Demo.framework */,
			);
			name = Frameworks;
			sourceTree = "<group>";
		};
		99E508EF1DB071EC008C0ADD = {
			isa = PBXGroup;
			children = (
				993F77441DB4C75600C6EA97 /* .swiftlint.yml */,
				99E508FA1DB071EC008C0ADD /* Demo */,
				99E508F91DB071EC008C0ADD /* Products */,
				0F118214463AA2E2691ADA66 /* Pods */,
				2FC419D2EF846C1137C2E89F /* Frameworks */,
			);
			sourceTree = "<group>";
		};
		99E508F91DB071EC008C0ADD /* Products */ = {
			isa = PBXGroup;
			children = (
				99E508F81DB071EC008C0ADD /* Demo.app */,
			);
			name = Products;
			sourceTree = "<group>";
		};
		99E508FA1DB071EC008C0ADD /* Demo */ = {
			isa = PBXGroup;
			children = (
				99E508FB1DB071EC008C0ADD /* AppDelegate.swift */,
				99E508FD1DB071EC008C0ADD /* ViewController.swift */,
				999FFBAC1DB0839700CE64E3 /* HomeTableViewController.swift */,
				999FFBAA1DB0831700CE64E3 /* RegistrationTableViewController.swift */,
				999FFBAE1DB085E400CE64E3 /* RegistrationNameTableViewCell.swift */,
				999FFBA81DB0803A00CE64E3 /* NameTableViewController.swift */,
				999FFBB01DB09C4000CE64E3 /* NameTableViewCell.swift */,
				99648E041DB8B17E00B0FD45 /* UserNameModel.swift */,
				99E508FF1DB071EC008C0ADD /* Main.storyboard */,
				99E509021DB071EC008C0ADD /* Assets.xcassets */,
				99E509041DB071EC008C0ADD /* LaunchScreen.storyboard */,
				99E509071DB071EC008C0ADD /* Info.plist */,
			);
			path = Demo;
			sourceTree = "<group>";
		};
/* End PBXGroup section */

/* Begin PBXNativeTarget section */
		99E508F71DB071EC008C0ADD /* Demo */ = {
			isa = PBXNativeTarget;
			buildConfigurationList = 99E5090A1DB071EC008C0ADD /* Build configuration list for PBXNativeTarget "Demo" */;
			buildPhases = (
				DE9CA2DBA9143544DBD422E4 /* [CP] Check Pods Manifest.lock */,
				99E508F41DB071EC008C0ADD /* Sources */,
				99E508F51DB071EC008C0ADD /* Frameworks */,
				99E508F61DB071EC008C0ADD /* Resources */,
				27B9463F691646038E42D98B /* [CP] Embed Pods Frameworks */,
				106ED84272786020E9B47065 /* [CP] Copy Pods Resources */,
				99DE61F41DB4C1D20079021B /* ShellScript */,
			);
			buildRules = (
			);
			dependencies = (
			);
			name = Demo;
			productName = Demo;
			productReference = 99E508F81DB071EC008C0ADD /* Demo.app */;
			productType = "com.apple.product-type.application";
		};
/* End PBXNativeTarget section */

/* Begin PBXProject section */
		99E508F01DB071EC008C0ADD /* Project object */ = {
			isa = PBXProject;
			attributes = {
				LastSwiftUpdateCheck = 0800;
				LastUpgradeCheck = 0800;
				ORGANIZATIONNAME = "Fenrir Inc.";
				TargetAttributes = {
					99E508F71DB071EC008C0ADD = {
						CreatedOnToolsVersion = 8.0;
						DevelopmentTeam = AXGW3A83N9;
						LastSwiftMigration = 0800;
						ProvisioningStyle = Automatic;
					};
				};
			};
			buildConfigurationList = 99E508F31DB071EC008C0ADD /* Build configuration list for PBXProject "Demo" */;
			compatibilityVersion = "Xcode 3.2";
			developmentRegion = English;
			hasScannedForEncodings = 0;
			knownRegions = (
				en,
				Base,
			);
			mainGroup = 99E508EF1DB071EC008C0ADD;
			productRefGroup = 99E508F91DB071EC008C0ADD /* Products */;
			projectDirPath = "";
			projectRoot = "";
			targets = (
				99E508F71DB071EC008C0ADD /* Demo */,
			);
		};
/* End PBXProject section */

/* Begin PBXResourcesBuildPhase section */
		99E508F61DB071EC008C0ADD /* Resources */ = {
			isa = PBXResourcesBuildPhase;
			buildActionMask = 2147483647;
			files = (
				993F77451DB4C75600C6EA97 /* .swiftlint.yml in Resources */,
				99E509061DB071EC008C0ADD /* LaunchScreen.storyboard in Resources */,
				99E509031DB071EC008C0ADD /* Assets.xcassets in Resources */,
				99E509011DB071EC008C0ADD /* Main.storyboard in Resources */,
			);
			runOnlyForDeploymentPostprocessing = 0;
		};
/* End PBXResourcesBuildPhase section */

/* Begin PBXShellScriptBuildPhase section */
		106ED84272786020E9B47065 /* [CP] Copy Pods Resources */ = {
			isa = PBXShellScriptBuildPhase;
			buildActionMask = 2147483647;
			files = (
			);
			inputPaths = (
			);
			name = "[CP] Copy Pods Resources";
			outputPaths = (
			);
			runOnlyForDeploymentPostprocessing = 0;
			shellPath = /bin/sh;
			shellScript = "\"${SRCROOT}/Pods/Target Support Files/Pods-Demo/Pods-Demo-resources.sh\"\n";
			showEnvVarsInLog = 0;
		};
		27B9463F691646038E42D98B /* [CP] Embed Pods Frameworks */ = {
			isa = PBXShellScriptBuildPhase;
			buildActionMask = 2147483647;
			files = (
			);
			inputPaths = (
			);
			name = "[CP] Embed Pods Frameworks";
			outputPaths = (
			);
			runOnlyForDeploymentPostprocessing = 0;
			shellPath = /bin/sh;
			shellScript = "\"${SRCROOT}/Pods/Target Support Files/Pods-Demo/Pods-Demo-frameworks.sh\"\n";
			showEnvVarsInLog = 0;
		};
		99DE61F41DB4C1D20079021B /* ShellScript */ = {
			isa = PBXShellScriptBuildPhase;
			buildActionMask = 2147483647;
			files = (
			);
			inputPaths = (
			);
			outputPaths = (
			);
			runOnlyForDeploymentPostprocessing = 0;
			shellPath = /bin/sh;
			shellScript = "if which swiftlint >/dev/null; then\nswiftlint\nelse\necho \"SwiftLint does not exist, download from https://github.com/realm/SwiftLint\"\nfi\n";
		};
		DE9CA2DBA9143544DBD422E4 /* [CP] Check Pods Manifest.lock */ = {
			isa = PBXShellScriptBuildPhase;
			buildActionMask = 2147483647;
			files = (
			);
			inputPaths = (
			);
			name = "[CP] Check Pods Manifest.lock";
			outputPaths = (
			);
			runOnlyForDeploymentPostprocessing = 0;
			shellPath = /bin/sh;
			shellScript = "diff \"${PODS_ROOT}/../Podfile.lock\" \"${PODS_ROOT}/Manifest.lock\" > /dev/null\nif [[ $? != 0 ]] ; then\n    cat << EOM\nerror: The sandbox is not in sync with the Podfile.lock. Run 'pod install' or update your CocoaPods installation.\nEOM\n    exit 1\nfi\n";
			showEnvVarsInLog = 0;
		};
/* End PBXShellScriptBuildPhase section */

/* Begin PBXSourcesBuildPhase section */
		99E508F41DB071EC008C0ADD /* Sources */ = {
			isa = PBXSourcesBuildPhase;
			buildActionMask = 2147483647;
			files = (
				99E508FE1DB071EC008C0ADD /* ViewController.swift in Sources */,
				999FFBAF1DB085E400CE64E3 /* RegistrationNameTableViewCell.swift in Sources */,
				999FFBB11DB09C4000CE64E3 /* NameTableViewCell.swift in Sources */,
				99E508FC1DB071EC008C0ADD /* AppDelegate.swift in Sources */,
				999FFBAB1DB0831700CE64E3 /* RegistrationTableViewController.swift in Sources */,
				999FFBA91DB0803A00CE64E3 /* NameTableViewController.swift in Sources */,
				999FFBAD1DB0839700CE64E3 /* HomeTableViewController.swift in Sources */,
				99648E051DB8B17E00B0FD45 /* UserNameModel.swift in Sources */,
			);
			runOnlyForDeploymentPostprocessing = 0;
		};
/* End PBXSourcesBuildPhase section */

/* Begin PBXVariantGroup section */
		99E508FF1DB071EC008C0ADD /* Main.storyboard */ = {
			isa = PBXVariantGroup;
			children = (
				99E509001DB071EC008C0ADD /* Base */,
			);
			name = Main.storyboard;
			sourceTree = "<group>";
		};
		99E509041DB071EC008C0ADD /* LaunchScreen.storyboard */ = {
			isa = PBXVariantGroup;
			children = (
				99E509051DB071EC008C0ADD /* Base */,
			);
			name = LaunchScreen.storyboard;
			sourceTree = "<group>";
		};
/* End PBXVariantGroup section */

/* Begin XCBuildConfiguration section */
		99E509081DB071EC008C0ADD /* Debug */ = {
			isa = XCBuildConfiguration;
			buildSettings = {
				ALWAYS_SEARCH_USER_PATHS = NO;
				CLANG_ANALYZER_NONNULL = YES;
				CLANG_CXX_LANGUAGE_STANDARD = "gnu++0x";
				CLANG_CXX_LIBRARY = "libc++";
				CLANG_ENABLE_MODULES = YES;
				CLANG_ENABLE_OBJC_ARC = YES;
				CLANG_WARN_BOOL_CONVERSION = YES;
				CLANG_WARN_CONSTANT_CONVERSION = YES;
				CLANG_WARN_DIRECT_OBJC_ISA_USAGE = YES_ERROR;
				CLANG_WARN_DOCUMENTATION_COMMENTS = YES;
				CLANG_WARN_EMPTY_BODY = YES;
				CLANG_WARN_ENUM_CONVERSION = YES;
				CLANG_WARN_INFINITE_RECURSION = YES;
				CLANG_WARN_INT_CONVERSION = YES;
				CLANG_WARN_OBJC_ROOT_CLASS = YES_ERROR;
				CLANG_WARN_SUSPICIOUS_MOVES = YES;
				CLANG_WARN_UNREACHABLE_CODE = YES;
				CLANG_WARN__DUPLICATE_METHOD_MATCH = YES;
				"CODE_SIGN_IDENTITY[sdk=iphoneos*]" = "iPhone Developer";
				COPY_PHASE_STRIP = NO;
				DEBUG_INFORMATION_FORMAT = dwarf;
				ENABLE_STRICT_OBJC_MSGSEND = YES;
				ENABLE_TESTABILITY = YES;
				GCC_C_LANGUAGE_STANDARD = gnu99;
				GCC_DYNAMIC_NO_PIC = NO;
				GCC_NO_COMMON_BLOCKS = YES;
				GCC_OPTIMIZATION_LEVEL = 0;
				GCC_PREPROCESSOR_DEFINITIONS = (
					"DEBUG=1",
					"$(inherited)",
				);
				GCC_WARN_64_TO_32_BIT_CONVERSION = YES;
				GCC_WARN_ABOUT_RETURN_TYPE = YES_ERROR;
				GCC_WARN_UNDECLARED_SELECTOR = YES;
				GCC_WARN_UNINITIALIZED_AUTOS = YES_AGGRESSIVE;
				GCC_WARN_UNUSED_FUNCTION = YES;
				GCC_WARN_UNUSED_VARIABLE = YES;
				IPHONEOS_DEPLOYMENT_TARGET = 9.0;
				MTL_ENABLE_DEBUG_INFO = YES;
				ONLY_ACTIVE_ARCH = YES;
				SDKROOT = iphoneos;
				SWIFT_ACTIVE_COMPILATION_CONDITIONS = DEBUG;
				SWIFT_OPTIMIZATION_LEVEL = "-Onone";
				TARGETED_DEVICE_FAMILY = "1,2";
			};
			name = Debug;
		};
		99E509091DB071EC008C0ADD /* Release */ = {
			isa = XCBuildConfiguration;
			buildSettings = {
				ALWAYS_SEARCH_USER_PATHS = NO;
				CLANG_ANALYZER_NONNULL = YES;
				CLANG_CXX_LANGUAGE_STANDARD = "gnu++0x";
				CLANG_CXX_LIBRARY = "libc++";
				CLANG_ENABLE_MODULES = YES;
				CLANG_ENABLE_OBJC_ARC = YES;
				CLANG_WARN_BOOL_CONVERSION = YES;
				CLANG_WARN_CONSTANT_CONVERSION = YES;
				CLANG_WARN_DIRECT_OBJC_ISA_USAGE = YES_ERROR;
				CLANG_WARN_DOCUMENTATION_COMMENTS = YES;
				CLANG_WARN_EMPTY_BODY = YES;
				CLANG_WARN_ENUM_CONVERSION = YES;
				CLANG_WARN_INFINITE_RECURSION = YES;
				CLANG_WARN_INT_CONVERSION = YES;
				CLANG_WARN_OBJC_ROOT_CLASS = YES_ERROR;
				CLANG_WARN_SUSPICIOUS_MOVES = YES;
				CLANG_WARN_UNREACHABLE_CODE = YES;
				CLANG_WARN__DUPLICATE_METHOD_MATCH = YES;
				"CODE_SIGN_IDENTITY[sdk=iphoneos*]" = "iPhone Developer";
				COPY_PHASE_STRIP = NO;
				DEBUG_INFORMATION_FORMAT = "dwarf-with-dsym";
				ENABLE_NS_ASSERTIONS = NO;
				ENABLE_STRICT_OBJC_MSGSEND = YES;
				GCC_C_LANGUAGE_STANDARD = gnu99;
				GCC_NO_COMMON_BLOCKS = YES;
				GCC_WARN_64_TO_32_BIT_CONVERSION = YES;
				GCC_WARN_ABOUT_RETURN_TYPE = YES_ERROR;
				GCC_WARN_UNDECLARED_SELECTOR = YES;
				GCC_WARN_UNINITIALIZED_AUTOS = YES_AGGRESSIVE;
				GCC_WARN_UNUSED_FUNCTION = YES;
				GCC_WARN_UNUSED_VARIABLE = YES;
				IPHONEOS_DEPLOYMENT_TARGET = 9.0;
				MTL_ENABLE_DEBUG_INFO = NO;
				SDKROOT = iphoneos;
				SWIFT_OPTIMIZATION_LEVEL = "-Owholemodule";
				TARGETED_DEVICE_FAMILY = "1,2";
				VALIDATE_PRODUCT = YES;
			};
			name = Release;
		};
		99E5090B1DB071EC008C0ADD /* Debug */ = {
			isa = XCBuildConfiguration;
			baseConfigurationReference = D16A3451A05F3B095577F957 /* Pods-Demo.debug.xcconfig */;
			buildSettings = {
				ASSETCATALOG_COMPILER_APPICON_NAME = AppIcon;
				DEVELOPMENT_TEAM = AXGW3A83N9;
				INFOPLIST_FILE = Demo/Info.plist;
				LD_RUNPATH_SEARCH_PATHS = "$(inherited) @executable_path/Frameworks";
				PRODUCT_BUNDLE_IDENTIFIER = jp.co.fenrir.Demo;
				PRODUCT_NAME = "$(TARGET_NAME)";
				SWIFT_VERSION = 2.3;
			};
			name = Debug;
		};
		99E5090C1DB071EC008C0ADD /* Release */ = {
			isa = XCBuildConfiguration;
			baseConfigurationReference = 8889DAC0BE818DA35FED4F0D /* Pods-Demo.release.xcconfig */;
			buildSettings = {
				ASSETCATALOG_COMPILER_APPICON_NAME = AppIcon;
				DEVELOPMENT_TEAM = AXGW3A83N9;
				INFOPLIST_FILE = Demo/Info.plist;
				LD_RUNPATH_SEARCH_PATHS = "$(inherited) @executable_path/Frameworks";
				PRODUCT_BUNDLE_IDENTIFIER = jp.co.fenrir.Demo;
				PRODUCT_NAME = "$(TARGET_NAME)";
				SWIFT_VERSION = 2.3;
			};
			name = Release;
		};
/* End XCBuildConfiguration section */

/* Begin XCConfigurationList section */
		99E508F31DB071EC008C0ADD /* Build configuration list for PBXProject "Demo" */ = {
			isa = XCConfigurationList;
			buildConfigurations = (
				99E509081DB071EC008C0ADD /* Debug */,
				99E509091DB071EC008C0ADD /* Release */,
			);
			defaultConfigurationIsVisible = 0;
			defaultConfigurationName = Release;
		};
		99E5090A1DB071EC008C0ADD /* Build configuration list for PBXNativeTarget "Demo" */ = {
			isa = XCConfigurationList;
			buildConfigurations = (
				99E5090B1DB071EC008C0ADD /* Debug */,
				99E5090C1DB071EC008C0ADD /* Release */,
			);
			defaultConfigurationIsVisible = 0;
			defaultConfigurationName = Release;
		};
/* End XCConfigurationList section */
	};
	rootObject = 99E508F01DB071EC008C0ADD /* Project object */;
}
