PODS:
  - Realm (2.0.2):
    - Realm/Headers (= 2.0.2)
  - Realm/Headers (2.0.2)
  - RealmSwift (2.0.2):
    - Realm (= 2.0.2)
  - Repro (2.1.3)
  - THPinViewController (1.2.4)

DEPENDENCIES:
  - Realm (from `https://github.com/realm/realm-cocoa.git`, branch `master`)
  - RealmSwift (from `https://github.com/realm/realm-cocoa.git`, branch `master`)
  - Repro
  - THPinViewController

EXTERNAL SOURCES:
  Realm:
    :branch: master
    :git: https://github.com/realm/realm-cocoa.git
    :submodules: true
  RealmSwift:
    :branch: master
    :git: https://github.com/realm/realm-cocoa.git
    :submodules: true

CHECKOUT OPTIONS:
  Realm:
    :commit: ac0087105b2bfae81d46a59161e62a1b61b013ae
    :git: https://github.com/realm/realm-cocoa.git
    :submodules: true
  RealmSwift:
    :commit: ac0087105b2bfae81d46a59161e62a1b61b013ae
    :git: https://github.com/realm/realm-cocoa.git
    :submodules: true

SPEC CHECKSUMS:
  Realm: 0f5a194af0b7e6158b83db41b4ee1a00be7ddf1a
  RealmSwift: 0eb5070d851cba7c66e841ca756d83609dc78bc8
  Repro: 0ac48f0b0eec53c33218f5dc9293f43db6ee08ae
  THPinViewController: 6ea25443b2205bdfaaf5a6db8b05403dfbe0bdec

PODFILE CHECKSUM: 0f509d3596bc1ed7173587775f233dd0c97ac5e0

COCOAPODS: 1.0.1
